
Microsoft Visual Studio Solution File, Format Version 12.00
# Visual Studio 15
VisualStudioVersion = 15.0.27428.2002
MinimumVisualStudioVersion = 10.0.40219.1
Project("{FAE04EC0-301F-11D3-BF4B-00C04F79EFBC}") = "Multithreading_Sample", "Multithreading_Sample\Multithreading_Sample.csproj", "{52E1C926-EFD8-4B9C-A294-F114EA5394DC}"
EndProject
Global
	GlobalSection(SolutionConfigurationPlatforms) = preSolution
		Debug|Any CPU = Debug|Any CPU
		Release|Any CPU = Release|Any CPU
	EndGlobalSection
	GlobalSection(ProjectConfigurationPlatforms) = postSolution
		{52E1C926-EFD8-4B9C-A294-F114EA5394DC}.Debug|Any CPU.ActiveCfg = Debug|Any CPU
		{52E1C926-EFD8-4B9C-A294-F114EA5394DC}.Debug|Any CPU.Build.0 = Debug|Any CPU
		{52E1C926-EFD8-4B9C-A294-F114EA5394DC}.Release|Any CPU.ActiveCfg = Release|Any CPU
		{52E1C926-EFD8-4B9C-A294-F114EA5394DC}.Release|Any CPU.Build.0 = Release|Any CPU
	EndGlobalSection
	GlobalSection(SolutionProperties) = preSolution
		HideSolutionNode = FALSE
	EndGlobalSection
	GlobalSection(ExtensibilityGlobals) = postSolution
		SolutionGuid = {CF89943A-D923-4659-BC33-EB0373EC233D}
	EndGlobalSection
EndGlobal
